# This file is automatically @generated by Cargo.
# It is not intended for manual editing.
version = 4

[[package]]
name = "icl_cringe"
version = "0.1.0"
dependencies = [
 "quark_frontend",
]

[[package]]
name = "quark_frontend"
version = "0.1.0"

[[package]]
name = "quark_hir"
version = "0.1.0"
dependencies = [
 "quark_frontend",
]
